
Microsoft Visual Studio Solution File, Format Version 12.00
# Visual Studio Version 17
VisualStudioVersion = 17.0.31903.59
MinimumVisualStudioVersion = 10.0.40219.1
Project("{2150E333-8FDC-42A3-9474-1A3956D46DE8}") = "src", "src", "{AD6E1F01-BE3A-420F-AA28-3045345E2114}"
EndProject
Project("{FAE04EC0-301F-11D3-BF4B-00C04F79EFBC}") = "Ozakboy.TradeKit.Abstractions", "src\Ozakboy.TradeKit.Abstractions\Ozakboy.TradeKit.Abstractions.csproj", "{41725A51-1F03-4B90-87CD-BD800BBD3F79}"
EndProject
Project("{2150E333-8FDC-42A3-9474-1A3956D46DE8}") = "tests", "tests", "{1C8D404E-97D8-4525-848D-8AB0684AC155}"
EndProject
Project("{FAE04EC0-301F-11D3-BF4B-00C04F79EFBC}") = "Ozakboy.TradeKit.Abstractions.Tests", "tests\Ozakboy.TradeKit.Abstractions.Tests\Ozakboy.TradeKit.Abstractions.Tests.csproj", "{785B07F6-E32C-4F01-8ECE-8134EA015781}"
EndProject
Global
	GlobalSection(SolutionConfigurationPlatforms) = preSolution
		Debug|Any CPU = Debug|Any CPU
		Debug|x64 = Debug|x64
		Debug|x86 = Debug|x86
		Release|Any CPU = Release|Any CPU
		Release|x64 = Release|x64
		Release|x86 = Release|x86
	EndGlobalSection
	GlobalSection(ProjectConfigurationPlatforms) = postSolution
		{41725A51-1F03-4B90-87CD-BD800BBD3F79}.Debug|Any CPU.ActiveCfg = Debug|Any CPU
		{41725A51-1F03-4B90-87CD-BD800BBD3F79}.Debug|Any CPU.Build.0 = Debug|Any CPU
		{41725A51-1F03-4B90-87CD-BD800BBD3F79}.Debug|x64.ActiveCfg = Debug|Any CPU
		{41725A51-1F03-4B90-87CD-BD800BBD3F79}.Debug|x64.Build.0 = Debug|Any CPU
		{41725A51-1F03-4B90-87CD-BD800BBD3F79}.Debug|x86.ActiveCfg = Debug|Any CPU
		{41725A51-1F03-4B90-87CD-BD800BBD3F79}.Debug|x86.Build.0 = Debug|Any CPU
		{41725A51-1F03-4B90-87CD-BD800BBD3F79}.Release|Any CPU.ActiveCfg = Release|Any CPU
		{41725A51-1F03-4B90-87CD-BD800BBD3F79}.Release|Any CPU.Build.0 = Release|Any CPU
		{41725A51-1F03-4B90-87CD-BD800BBD3F79}.Release|x64.ActiveCfg = Release|Any CPU
		{41725A51-1F03-4B90-87CD-BD800BBD3F79}.Release|x64.Build.0 = Release|Any CPU
		{41725A51-1F03-4B90-87CD-BD800BBD3F79}.Release|x86.ActiveCfg = Release|Any CPU
		{41725A51-1F03-4B90-87CD-BD800BBD3F79}.Release|x86.Build.0 = Release|Any CPU
		{785B07F6-E32C-4F01-8ECE-8134EA015781}.Debug|Any CPU.ActiveCfg = Debug|Any CPU
		{785B07F6-E32C-4F01-8ECE-8134EA015781}.Debug|Any CPU.Build.0 = Debug|Any CPU
		{785B07F6-E32C-4F01-8ECE-8134EA015781}.Debug|x64.ActiveCfg = Debug|Any CPU
		{785B07F6-E32C-4F01-8ECE-8134EA015781}.Debug|x64.Build.0 = Debug|Any CPU
		{785B07F6-E32C-4F01-8ECE-8134EA015781}.Debug|x86.ActiveCfg = Debug|Any CPU
		{785B07F6-E32C-4F01-8ECE-8134EA015781}.Debug|x86.Build.0 = Debug|Any CPU
		{785B07F6-E32C-4F01-8ECE-8134EA015781}.Release|Any CPU.ActiveCfg = Release|Any CPU
		{785B07F6-E32C-4F01-8ECE-8134EA015781}.Release|Any CPU.Build.0 = Release|Any CPU
		{785B07F6-E32C-4F01-8ECE-8134EA015781}.Release|x64.ActiveCfg = Release|Any CPU
		{785B07F6-E32C-4F01-8ECE-8134EA015781}.Release|x64.Build.0 = Release|Any CPU
		{785B07F6-E32C-4F01-8ECE-8134EA015781}.Release|x86.ActiveCfg = Release|Any CPU
		{785B07F6-E32C-4F01-8ECE-8134EA015781}.Release|x86.Build.0 = Release|Any CPU
	EndGlobalSection
	GlobalSection(SolutionProperties) = preSolution
		HideSolutionNode = FALSE
	EndGlobalSection
	GlobalSection(NestedProjects) = preSolution
		{41725A51-1F03-4B90-87CD-BD800BBD3F79} = {AD6E1F01-BE3A-420F-AA28-3045345E2114}
		{785B07F6-E32C-4F01-8ECE-8134EA015781} = {1C8D404E-97D8-4525-848D-8AB0684AC155}
	EndGlobalSection
EndGlobal
